
Microsoft Visual Studio Solution File, Format Version 12.00
# Visual Studio Version 17
VisualStudioVersion = 17.14.36401.2 d17.14
MinimumVisualStudioVersion = 10.0.40219.1
Project("{FAE04EC0-301F-11D3-BF4B-00C04F79EFBC}") = "Void Client", "Void Client\Void Client.csproj", "{469C1D76-8C5D-46DC-A453-5F56E877B82E}"
EndProject
Global
	GlobalSection(SolutionConfigurationPlatforms) = preSolution
		Debug|Any CPU = Debug|Any CPU
		Release|Any CPU = Release|Any CPU
	EndGlobalSection
	GlobalSection(ProjectConfigurationPlatforms) = postSolution
		{469C1D76-8C5D-46DC-A453-5F56E877B82E}.Debug|Any CPU.ActiveCfg = Debug|Any CPU
		{469C1D76-8C5D-46DC-A453-5F56E877B82E}.Debug|Any CPU.Build.0 = Debug|Any CPU
		{469C1D76-8C5D-46DC-A453-5F56E877B82E}.Release|Any CPU.ActiveCfg = Release|Any CPU
		{469C1D76-8C5D-46DC-A453-5F56E877B82E}.Release|Any CPU.Build.0 = Release|Any CPU
	EndGlobalSection
	GlobalSection(SolutionProperties) = preSolution
		HideSolutionNode = FALSE
	EndGlobalSection
	GlobalSection(ExtensibilityGlobals) = postSolution
		SolutionGuid = {261B0ACD-61D7-4C6A-8F3E-BE614326E5E8}
	EndGlobalSection
EndGlobal
